// !$*UTF8*$!
{
	archiveVersion = 1;
	classes = {
	};
	objectVersion = 50;
	objects = {

/* Begin PBXBuildFile section */
		CD97352E3CA5E7E29DDDECDF /* Pods_searchPhoto.framework in Frameworks */ = {isa = PBXBuildFile; fileRef = 73E6A7EB5D5A2ED63F997832 /* Pods_searchPhoto.framework */; };
		F21082212333FFEE0026AB83 /* RealmHelper.swift in Sources */ = {isa = PBXBuildFile; fileRef = F21082202333FFEE0026AB83 /* RealmHelper.swift */; };
		F2108225233417120026AB83 /* PhotoSearchBar.swift in Sources */ = {isa = PBXBuildFile; fileRef = F2108224233417120026AB83 /* PhotoSearchBar.swift */; };
		F210822B233421990026AB83 /* PhotoActivityIndicator.swift in Sources */ = {isa = PBXBuildFile; fileRef = F210822A233421990026AB83 /* PhotoActivityIndicator.swift */; };
		F210822D233428D40026AB83 /* PhotoTable.swift in Sources */ = {isa = PBXBuildFile; fileRef = F210822C233428D40026AB83 /* PhotoTable.swift */; };
		F210822F233775A90026AB83 /* PhotoCell.swift in Sources */ = {isa = PBXBuildFile; fileRef = F210822E233775A90026AB83 /* PhotoCell.swift */; };
		F2108232233776090026AB83 /* StandartCell.swift in Sources */ = {isa = PBXBuildFile; fileRef = F2108231233776090026AB83 /* StandartCell.swift */; };
		F2108234233776560026AB83 /* CustomCellProtocols.swift in Sources */ = {isa = PBXBuildFile; fileRef = F2108233233776560026AB83 /* CustomCellProtocols.swift */; };
		F22D1AF5232C0F0F0047089E /* AppDelegate.swift in Sources */ = {isa = PBXBuildFile; fileRef = F22D1AF4232C0F0F0047089E /* AppDelegate.swift */; };
		F22D1AF7232C0F0F0047089E /* ViewController.swift in Sources */ = {isa = PBXBuildFile; fileRef = F22D1AF6232C0F0F0047089E /* ViewController.swift */; };
		F22D1AFC232C0F120047089E /* Assets.xcassets in Resources */ = {isa = PBXBuildFile; fileRef = F22D1AFB232C0F120047089E /* Assets.xcassets */; };
		F22D1AFF232C0F120047089E /* LaunchScreen.storyboard in Resources */ = {isa = PBXBuildFile; fileRef = F22D1AFD232C0F120047089E /* LaunchScreen.storyboard */; };
		F22D1B25232D30210047089E /* NetworkService.swift in Sources */ = {isa = PBXBuildFile; fileRef = F22D1B24232D30210047089E /* NetworkService.swift */; };
		F22D1B27232D30ED0047089E /* UnsplashLinks.swift in Sources */ = {isa = PBXBuildFile; fileRef = F22D1B26232D30ED0047089E /* UnsplashLinks.swift */; };
		F22D1B29232D35FC0047089E /* ImageCashe.swift in Sources */ = {isa = PBXBuildFile; fileRef = F22D1B28232D35FC0047089E /* ImageCashe.swift */; };
		F22D1B2B232E299A0047089E /* SearchHistory.swift in Sources */ = {isa = PBXBuildFile; fileRef = F22D1B2A232E299A0047089E /* SearchHistory.swift */; };
/* End PBXBuildFile section */

/* Begin PBXFileReference section */
		73E6A7EB5D5A2ED63F997832 /* Pods_searchPhoto.framework */ = {isa = PBXFileReference; explicitFileType = wrapper.framework; includeInIndex = 0; path = Pods_searchPhoto.framework; sourceTree = BUILT_PRODUCTS_DIR; };
		A28B386BD0284F08FA2A2DC6 /* Pods-searchPhoto.release.xcconfig */ = {isa = PBXFileReference; includeInIndex = 1; lastKnownFileType = text.xcconfig; name = "Pods-searchPhoto.release.xcconfig"; path = "Pods/Target Support Files/Pods-searchPhoto/Pods-searchPhoto.release.xcconfig"; sourceTree = "<group>"; };
		DEFD3309D151822D951C34D6 /* Pods-searchPhoto.debug.xcconfig */ = {isa = PBXFileReference; includeInIndex = 1; lastKnownFileType = text.xcconfig; name = "Pods-searchPhoto.debug.xcconfig"; path = "Pods/Target Support Files/Pods-searchPhoto/Pods-searchPhoto.debug.xcconfig"; sourceTree = "<group>"; };
		F21082202333FFEE0026AB83 /* RealmHelper.swift */ = {isa = PBXFileReference; lastKnownFileType = sourcecode.swift; path = RealmHelper.swift; sourceTree = "<group>"; };
		F2108224233417120026AB83 /* PhotoSearchBar.swift */ = {isa = PBXFileReference; lastKnownFileType = sourcecode.swift; path = PhotoSearchBar.swift; sourceTree = "<group>"; };
		F210822A233421990026AB83 /* PhotoActivityIndicator.swift */ = {isa = PBXFileReference; lastKnownFileType = sourcecode.swift; path = PhotoActivityIndicator.swift; sourceTree = "<group>"; };
		F210822C233428D40026AB83 /* PhotoTable.swift */ = {isa = PBXFileReference; lastKnownFileType = sourcecode.swift; path = PhotoTable.swift; sourceTree = "<group>"; };
		F210822E233775A90026AB83 /* PhotoCell.swift */ = {isa = PBXFileReference; lastKnownFileType = sourcecode.swift; path = PhotoCell.swift; sourceTree = "<group>"; };
		F2108231233776090026AB83 /* StandartCell.swift */ = {isa = PBXFileReference; lastKnownFileType = sourcecode.swift; path = StandartCell.swift; sourceTree = "<group>"; };
		F2108233233776560026AB83 /* CustomCellProtocols.swift */ = {isa = PBXFileReference; lastKnownFileType = sourcecode.swift; path = CustomCellProtocols.swift; sourceTree = "<group>"; };
		F22D1AF1232C0F0F0047089E /* searchPhoto.app */ = {isa = PBXFileReference; explicitFileType = wrapper.application; includeInIndex = 0; path = searchPhoto.app; sourceTree = BUILT_PRODUCTS_DIR; };
		F22D1AF4232C0F0F0047089E /* AppDelegate.swift */ = {isa = PBXFileReference; lastKnownFileType = sourcecode.swift; path = AppDelegate.swift; sourceTree = "<group>"; };
		F22D1AF6232C0F0F0047089E /* ViewController.swift */ = {isa = PBXFileReference; lastKnownFileType = sourcecode.swift; path = ViewController.swift; sourceTree = "<group>"; };
		F22D1AFB232C0F120047089E /* Assets.xcassets */ = {isa = PBXFileReference; lastKnownFileType = folder.assetcatalog; path = Assets.xcassets; sourceTree = "<group>"; };
		F22D1AFE232C0F120047089E /* Base */ = {isa = PBXFileReference; lastKnownFileType = file.storyboard; name = Base; path = Base.lproj/LaunchScreen.storyboard; sourceTree = "<group>"; };
		F22D1B00232C0F120047089E /* Info.plist */ = {isa = PBXFileReference; lastKnownFileType = text.plist.xml; path = Info.plist; sourceTree = "<group>"; };
		F22D1B24232D30210047089E /* NetworkService.swift */ = {isa = PBXFileReference; lastKnownFileType = sourcecode.swift; path = NetworkService.swift; sourceTree = "<group>"; };
		F22D1B26232D30ED0047089E /* UnsplashLinks.swift */ = {isa = PBXFileReference; lastKnownFileType = sourcecode.swift; path = UnsplashLinks.swift; sourceTree = "<group>"; };
		F22D1B28232D35FC0047089E /* ImageCashe.swift */ = {isa = PBXFileReference; lastKnownFileType = sourcecode.swift; path = ImageCashe.swift; sourceTree = "<group>"; };
		F22D1B2A232E299A0047089E /* SearchHistory.swift */ = {isa = PBXFileReference; lastKnownFileType = sourcecode.swift; path = SearchHistory.swift; sourceTree = "<group>"; };
/* End PBXFileReference section */

/* Begin PBXFrameworksBuildPhase section */
		F22D1AEE232C0F0F0047089E /* Frameworks */ = {
			isa = PBXFrameworksBuildPhase;
			buildActionMask = 2147483647;
			files = (
				CD97352E3CA5E7E29DDDECDF /* Pods_searchPhoto.framework in Frameworks */,
			);
			runOnlyForDeploymentPostprocessing = 0;
		};
/* End PBXFrameworksBuildPhase section */

/* Begin PBXGroup section */
		4B419583196DA53AE87B501B /* Pods */ = {
			isa = PBXGroup;
			children = (
				DEFD3309D151822D951C34D6 /* Pods-searchPhoto.debug.xcconfig */,
				A28B386BD0284F08FA2A2DC6 /* Pods-searchPhoto.release.xcconfig */,
			);
			name = Pods;
			sourceTree = "<group>";
		};
		F210822623341E050026AB83 /* Views */ = {
			isa = PBXGroup;
			children = (
				F2108230233775EE0026AB83 /* TableViewCells */,
				F2108224233417120026AB83 /* PhotoSearchBar.swift */,
				F210822A233421990026AB83 /* PhotoActivityIndicator.swift */,
				F210822C233428D40026AB83 /* PhotoTable.swift */,
			);
			path = Views;
			sourceTree = "<group>";
		};
		F2108227233420370026AB83 /* Services */ = {
			isa = PBXGroup;
			children = (
				F22D1B24232D30210047089E /* NetworkService.swift */,
				F22D1B28232D35FC0047089E /* ImageCashe.swift */,
				F21082202333FFEE0026AB83 /* RealmHelper.swift */,
			);
			path = Services;
			sourceTree = "<group>";
		};
		F21082282334204E0026AB83 /* Models */ = {
			isa = PBXGroup;
			children = (
				F22D1B26232D30ED0047089E /* UnsplashLinks.swift */,
				F22D1B2A232E299A0047089E /* SearchHistory.swift */,
			);
			path = Models;
			sourceTree = "<group>";
		};
		F21082292334205E0026AB83 /* Controllers */ = {
			isa = PBXGroup;
			children = (
				F22D1AF6232C0F0F0047089E /* ViewController.swift */,
			);
			path = Controllers;
			sourceTree = "<group>";
		};
		F2108230233775EE0026AB83 /* TableViewCells */ = {
			isa = PBXGroup;
			children = (
				F210822E233775A90026AB83 /* PhotoCell.swift */,
				F2108231233776090026AB83 /* StandartCell.swift */,
				F2108233233776560026AB83 /* CustomCellProtocols.swift */,
			);
			path = TableViewCells;
			sourceTree = "<group>";
		};
		F22D1AE8232C0F0F0047089E = {
			isa = PBXGroup;
			children = (
				F22D1AF3232C0F0F0047089E /* searchPhoto */,
				F22D1AF2232C0F0F0047089E /* Products */,
				4B419583196DA53AE87B501B /* Pods */,
				FCDA80C963B1022B43491D78 /* Frameworks */,
			);
			sourceTree = "<group>";
		};
		F22D1AF2232C0F0F0047089E /* Products */ = {
			isa = PBXGroup;
			children = (
				F22D1AF1232C0F0F0047089E /* searchPhoto.app */,
			);
			name = Products;
			sourceTree = "<group>";
		};
		F22D1AF3232C0F0F0047089E /* searchPhoto */ = {
			isa = PBXGroup;
			children = (
				F22D1AF4232C0F0F0047089E /* AppDelegate.swift */,
				F22D1AFB232C0F120047089E /* Assets.xcassets */,
				F22D1AFD232C0F120047089E /* LaunchScreen.storyboard */,
				F22D1B00232C0F120047089E /* Info.plist */,
				F21082292334205E0026AB83 /* Controllers */,
				F2108227233420370026AB83 /* Services */,
				F21082282334204E0026AB83 /* Models */,
				F210822623341E050026AB83 /* Views */,
			);
			path = searchPhoto;
			sourceTree = "<group>";
		};
		FCDA80C963B1022B43491D78 /* Frameworks */ = {
			isa = PBXGroup;
			children = (
				73E6A7EB5D5A2ED63F997832 /* Pods_searchPhoto.framework */,
			);
			name = Frameworks;
			sourceTree = "<group>";
		};
/* End PBXGroup section */

/* Begin PBXNativeTarget section */
		F22D1AF0232C0F0F0047089E /* searchPhoto */ = {
			isa = PBXNativeTarget;
			buildConfigurationList = F22D1B03232C0F120047089E /* Build configuration list for PBXNativeTarget "searchPhoto" */;
			buildPhases = (
				6048D376F7744A8FDD2F15CB /* [CP] Check Pods Manifest.lock */,
				F22D1AED232C0F0F0047089E /* Sources */,
				F22D1AEE232C0F0F0047089E /* Frameworks */,
				F22D1AEF232C0F0F0047089E /* Resources */,
				2F97FDDEDE71DA9136A68296 /* [CP] Embed Pods Frameworks */,
			);
			buildRules = (
			);
			dependencies = (
			);
			name = searchPhoto;
			productName = searchPhoto;
			productReference = F22D1AF1232C0F0F0047089E /* searchPhoto.app */;
			productType = "com.apple.product-type.application";
		};
/* End PBXNativeTarget section */

/* Begin PBXProject section */
		F22D1AE9232C0F0F0047089E /* Project object */ = {
			isa = PBXProject;
			attributes = {
				LastSwiftUpdateCheck = 1030;
				LastUpgradeCheck = 1030;
				ORGANIZATIONNAME = "Nikolas Omelianov";
				TargetAttributes = {
					F22D1AF0232C0F0F0047089E = {
						CreatedOnToolsVersion = 10.3;
					};
				};
			};
			buildConfigurationList = F22D1AEC232C0F0F0047089E /* Build configuration list for PBXProject "searchPhoto" */;
			compatibilityVersion = "Xcode 9.3";
			developmentRegion = en;
			hasScannedForEncodings = 0;
			knownRegions = (
				en,
				Base,
			);
			mainGroup = F22D1AE8232C0F0F0047089E;
			productRefGroup = F22D1AF2232C0F0F0047089E /* Products */;
			projectDirPath = "";
			projectRoot = "";
			targets = (
				F22D1AF0232C0F0F0047089E /* searchPhoto */,
			);
		};
/* End PBXProject section */

/* Begin PBXResourcesBuildPhase section */
		F22D1AEF232C0F0F0047089E /* Resources */ = {
			isa = PBXResourcesBuildPhase;
			buildActionMask = 2147483647;
			files = (
				F22D1AFF232C0F120047089E /* LaunchScreen.storyboard in Resources */,
				F22D1AFC232C0F120047089E /* Assets.xcassets in Resources */,
			);
			runOnlyForDeploymentPostprocessing = 0;
		};
/* End PBXResourcesBuildPhase section */

/* Begin PBXShellScriptBuildPhase section */
		2F97FDDEDE71DA9136A68296 /* [CP] Embed Pods Frameworks */ = {
			isa = PBXShellScriptBuildPhase;
			buildActionMask = 2147483647;
			files = (
			);
			inputFileListPaths = (
			);
			inputPaths = (
				"${SRCROOT}/Pods/Target Support Files/Pods-searchPhoto/Pods-searchPhoto-frameworks.sh",
				"${BUILT_PRODUCTS_DIR}/Realm/Realm.framework",
				"${BUILT_PRODUCTS_DIR}/RealmSwift/RealmSwift.framework",
				"${BUILT_PRODUCTS_DIR}/SwiftyJSON/SwiftyJSON.framework",
			);
			name = "[CP] Embed Pods Frameworks";
			outputFileListPaths = (
			);
			outputPaths = (
				"${TARGET_BUILD_DIR}/${FRAMEWORKS_FOLDER_PATH}/Realm.framework",
				"${TARGET_BUILD_DIR}/${FRAMEWORKS_FOLDER_PATH}/RealmSwift.framework",
				"${TARGET_BUILD_DIR}/${FRAMEWORKS_FOLDER_PATH}/SwiftyJSON.framework",
			);
			runOnlyForDeploymentPostprocessing = 0;
			shellPath = /bin/sh;
			shellScript = "\"${SRCROOT}/Pods/Target Support Files/Pods-searchPhoto/Pods-searchPhoto-frameworks.sh\"\n";
			showEnvVarsInLog = 0;
		};
		6048D376F7744A8FDD2F15CB /* [CP] Check Pods Manifest.lock */ = {
			isa = PBXShellScriptBuildPhase;
			buildActionMask = 2147483647;
			files = (
			);
			inputFileListPaths = (
			);
			inputPaths = (
				"${PODS_PODFILE_DIR_PATH}/Podfile.lock",
				"${PODS_ROOT}/Manifest.lock",
			);
			name = "[CP] Check Pods Manifest.lock";
			outputFileListPaths = (
			);
			outputPaths = (
				"$(DERIVED_FILE_DIR)/Pods-searchPhoto-checkManifestLockResult.txt",
			);
			runOnlyForDeploymentPostprocessing = 0;
			shellPath = /bin/sh;
			shellScript = "diff \"${PODS_PODFILE_DIR_PATH}/Podfile.lock\" \"${PODS_ROOT}/Manifest.lock\" > /dev/null\nif [ $? != 0 ] ; then\n    # print error to STDERR\n    echo \"error: The sandbox is not in sync with the Podfile.lock. Run 'pod install' or update your CocoaPods installation.\" >&2\n    exit 1\nfi\n# This output is used by Xcode 'outputs' to avoid re-running this script phase.\necho \"SUCCESS\" > \"${SCRIPT_OUTPUT_FILE_0}\"\n";
			showEnvVarsInLog = 0;
		};
/* End PBXShellScriptBuildPhase section */

/* Begin PBXSourcesBuildPhase section */
		F22D1AED232C0F0F0047089E /* Sources */ = {
			isa = PBXSourcesBuildPhase;
			buildActionMask = 2147483647;
			files = (
				F22D1B2B232E299A0047089E /* SearchHistory.swift in Sources */,
				F22D1AF7232C0F0F0047089E /* ViewController.swift in Sources */,
				F2108232233776090026AB83 /* StandartCell.swift in Sources */,
				F210822F233775A90026AB83 /* PhotoCell.swift in Sources */,
				F22D1B29232D35FC0047089E /* ImageCashe.swift in Sources */,
				F210822B233421990026AB83 /* PhotoActivityIndicator.swift in Sources */,
				F22D1B27232D30ED0047089E /* UnsplashLinks.swift in Sources */,
				F2108234233776560026AB83 /* CustomCellProtocols.swift in Sources */,
				F2108225233417120026AB83 /* PhotoSearchBar.swift in Sources */,
				F21082212333FFEE0026AB83 /* RealmHelper.swift in Sources */,
				F210822D233428D40026AB83 /* PhotoTable.swift in Sources */,
				F22D1B25232D30210047089E /* NetworkService.swift in Sources */,
				F22D1AF5232C0F0F0047089E /* AppDelegate.swift in Sources */,
			);
			runOnlyForDeploymentPostprocessing = 0;
		};
/* End PBXSourcesBuildPhase section */

/* Begin PBXVariantGroup section */
		F22D1AFD232C0F120047089E /* LaunchScreen.storyboard */ = {
			isa = PBXVariantGroup;
			children = (
				F22D1AFE232C0F120047089E /* Base */,
			);
			name = LaunchScreen.storyboard;
			sourceTree = "<group>";
		};
/* End PBXVariantGroup section */

/* Begin XCBuildConfiguration section */
		F22D1B01232C0F120047089E /* Debug */ = {
			isa = XCBuildConfiguration;
			buildSettings = {
				ALWAYS_SEARCH_USER_PATHS = NO;
				CLANG_ANALYZER_NONNULL = YES;
				CLANG_ANALYZER_NUMBER_OBJECT_CONVERSION = YES_AGGRESSIVE;
				CLANG_CXX_LANGUAGE_STANDARD = "gnu++14";
				CLANG_CXX_LIBRARY = "libc++";
				CLANG_ENABLE_MODULES = YES;
				CLANG_ENABLE_OBJC_ARC = YES;
				CLANG_ENABLE_OBJC_WEAK = YES;
				CLANG_WARN_BLOCK_CAPTURE_AUTORELEASING = YES;
				CLANG_WARN_BOOL_CONVERSION = YES;
				CLANG_WARN_COMMA = YES;
				CLANG_WARN_CONSTANT_CONVERSION = YES;
				CLANG_WARN_DEPRECATED_OBJC_IMPLEMENTATIONS = YES;
				CLANG_WARN_DIRECT_OBJC_ISA_USAGE = YES_ERROR;
				CLANG_WARN_DOCUMENTATION_COMMENTS = YES;
				CLANG_WARN_EMPTY_BODY = YES;
				CLANG_WARN_ENUM_CONVERSION = YES;
				CLANG_WARN_INFINITE_RECURSION = YES;
				CLANG_WARN_INT_CONVERSION = YES;
				CLANG_WARN_NON_LITERAL_NULL_CONVERSION = YES;
				CLANG_WARN_OBJC_IMPLICIT_RETAIN_SELF = YES;
				CLANG_WARN_OBJC_LITERAL_CONVERSION = YES;
				CLANG_WARN_OBJC_ROOT_CLASS = YES_ERROR;
				CLANG_WARN_RANGE_LOOP_ANALYSIS = YES;
				CLANG_WARN_STRICT_PROTOTYPES = YES;
				CLANG_WARN_SUSPICIOUS_MOVE = YES;
				CLANG_WARN_UNGUARDED_AVAILABILITY = YES_AGGRESSIVE;
				CLANG_WARN_UNREACHABLE_CODE = YES;
				CLANG_WARN__DUPLICATE_METHOD_MATCH = YES;
				CODE_SIGN_IDENTITY = "iPhone Developer";
				COPY_PHASE_STRIP = NO;
				DEBUG_INFORMATION_FORMAT = dwarf;
				ENABLE_STRICT_OBJC_MSGSEND = YES;
				ENABLE_TESTABILITY = YES;
				GCC_C_LANGUAGE_STANDARD = gnu11;
				GCC_DYNAMIC_NO_PIC = NO;
				GCC_NO_COMMON_BLOCKS = YES;
				GCC_OPTIMIZATION_LEVEL = 0;
				GCC_PREPROCESSOR_DEFINITIONS = (
					"DEBUG=1",
					"$(inherited)",
				);
				GCC_WARN_64_TO_32_BIT_CONVERSION = YES;
				GCC_WARN_ABOUT_RETURN_TYPE = YES_ERROR;
				GCC_WARN_UNDECLARED_SELECTOR = YES;
				GCC_WARN_UNINITIALIZED_AUTOS = YES_AGGRESSIVE;
				GCC_WARN_UNUSED_FUNCTION = YES;
				GCC_WARN_UNUSED_VARIABLE = YES;
				IPHONEOS_DEPLOYMENT_TARGET = 12.4;
				MTL_ENABLE_DEBUG_INFO = INCLUDE_SOURCE;
				MTL_FAST_MATH = YES;
				ONLY_ACTIVE_ARCH = YES;
				SDKROOT = iphoneos;
				SWIFT_ACTIVE_COMPILATION_CONDITIONS = DEBUG;
				SWIFT_OPTIMIZATION_LEVEL = "-Onone";
			};
			name = Debug;
		};
		F22D1B02232C0F120047089E /* Release */ = {
			isa = XCBuildConfiguration;
			buildSettings = {
				ALWAYS_SEARCH_USER_PATHS = NO;
				CLANG_ANALYZER_NONNULL = YES;
				CLANG_ANALYZER_NUMBER_OBJECT_CONVERSION = YES_AGGRESSIVE;
				CLANG_CXX_LANGUAGE_STANDARD = "gnu++14";
				CLANG_CXX_LIBRARY = "libc++";
				CLANG_ENABLE_MODULES = YES;
				CLANG_ENABLE_OBJC_ARC = YES;
				CLANG_ENABLE_OBJC_WEAK = YES;
				CLANG_WARN_BLOCK_CAPTURE_AUTORELEASING = YES;
				CLANG_WARN_BOOL_CONVERSION = YES;
				CLANG_WARN_COMMA = YES;
				CLANG_WARN_CONSTANT_CONVERSION = YES;
				CLANG_WARN_DEPRECATED_OBJC_IMPLEMENTATIONS = YES;
				CLANG_WARN_DIRECT_OBJC_ISA_USAGE = YES_ERROR;
				CLANG_WARN_DOCUMENTATION_COMMENTS = YES;
				CLANG_WARN_EMPTY_BODY = YES;
				CLANG_WARN_ENUM_CONVERSION = YES;
				CLANG_WARN_INFINITE_RECURSION = YES;
				CLANG_WARN_INT_CONVERSION = YES;
				CLANG_WARN_NON_LITERAL_NULL_CONVERSION = YES;
				CLANG_WARN_OBJC_IMPLICIT_RETAIN_SELF = YES;
				CLANG_WARN_OBJC_LITERAL_CONVERSION = YES;
				CLANG_WARN_OBJC_ROOT_CLASS = YES_ERROR;
				CLANG_WARN_RANGE_LOOP_ANALYSIS = YES;
				CLANG_WARN_STRICT_PROTOTYPES = YES;
				CLANG_WARN_SUSPICIOUS_MOVE = YES;
				CLANG_WARN_UNGUARDED_AVAILABILITY = YES_AGGRESSIVE;
				CLANG_WARN_UNREACHABLE_CODE = YES;
				CLANG_WARN__DUPLICATE_METHOD_MATCH = YES;
				CODE_SIGN_IDENTITY = "iPhone Developer";
				COPY_PHASE_STRIP = NO;
				DEBUG_INFORMATION_FORMAT = "dwarf-with-dsym";
				ENABLE_NS_ASSERTIONS = NO;
				ENABLE_STRICT_OBJC_MSGSEND = YES;
				GCC_C_LANGUAGE_STANDARD = gnu11;
				GCC_NO_COMMON_BLOCKS = YES;
				GCC_WARN_64_TO_32_BIT_CONVERSION = YES;
				GCC_WARN_ABOUT_RETURN_TYPE = YES_ERROR;
				GCC_WARN_UNDECLARED_SELECTOR = YES;
				GCC_WARN_UNINITIALIZED_AUTOS = YES_AGGRESSIVE;
				GCC_WARN_UNUSED_FUNCTION = YES;
				GCC_WARN_UNUSED_VARIABLE = YES;
				IPHONEOS_DEPLOYMENT_TARGET = 12.4;
				MTL_ENABLE_DEBUG_INFO = NO;
				MTL_FAST_MATH = YES;
				SDKROOT = iphoneos;
				SWIFT_COMPILATION_MODE = wholemodule;
				SWIFT_OPTIMIZATION_LEVEL = "-O";
				VALIDATE_PRODUCT = YES;
			};
			name = Release;
		};
		F22D1B04232C0F120047089E /* Debug */ = {
			isa = XCBuildConfiguration;
			baseConfigurationReference = DEFD3309D151822D951C34D6 /* Pods-searchPhoto.debug.xcconfig */;
			buildSettings = {
				ASSETCATALOG_COMPILER_APPICON_NAME = AppIcon;
				CODE_SIGN_STYLE = Automatic;
				DEVELOPMENT_TEAM = S55L3KXWBC;
				INFOPLIST_FILE = searchPhoto/Info.plist;
				LD_RUNPATH_SEARCH_PATHS = (
					"$(inherited)",
					"@executable_path/Frameworks",
				);
				PRODUCT_BUNDLE_IDENTIFIER = com.nikolasomelianov.searchPhoto;
				PRODUCT_NAME = "$(TARGET_NAME)";
				SWIFT_VERSION = 5.0;
				TARGETED_DEVICE_FAMILY = "1,2";
			};
			name = Debug;
		};
		F22D1B05232C0F120047089E /* Release */ = {
			isa = XCBuildConfiguration;
			baseConfigurationReference = A28B386BD0284F08FA2A2DC6 /* Pods-searchPhoto.release.xcconfig */;
			buildSettings = {
				ASSETCATALOG_COMPILER_APPICON_NAME = AppIcon;
				CODE_SIGN_STYLE = Automatic;
				DEVELOPMENT_TEAM = S55L3KXWBC;
				INFOPLIST_FILE = searchPhoto/Info.plist;
				LD_RUNPATH_SEARCH_PATHS = (
					"$(inherited)",
					"@executable_path/Frameworks",
				);
				PRODUCT_BUNDLE_IDENTIFIER = com.nikolasomelianov.searchPhoto;
				PRODUCT_NAME = "$(TARGET_NAME)";
				SWIFT_VERSION = 5.0;
				TARGETED_DEVICE_FAMILY = "1,2";
			};
			name = Release;
		};
/* End XCBuildConfiguration section */

/* Begin XCConfigurationList section */
		F22D1AEC232C0F0F0047089E /* Build configuration list for PBXProject "searchPhoto" */ = {
			isa = XCConfigurationList;
			buildConfigurations = (
				F22D1B01232C0F120047089E /* Debug */,
				F22D1B02232C0F120047089E /* Release */,
			);
			defaultConfigurationIsVisible = 0;
			defaultConfigurationName = Release;
		};
		F22D1B03232C0F120047089E /* Build configuration list for PBXNativeTarget "searchPhoto" */ = {
			isa = XCConfigurationList;
			buildConfigurations = (
				F22D1B04232C0F120047089E /* Debug */,
				F22D1B05232C0F120047089E /* Release */,
			);
			defaultConfigurationIsVisible = 0;
			defaultConfigurationName = Release;
		};
/* End XCConfigurationList section */
	};
	rootObject = F22D1AE9232C0F0F0047089E /* Project object */;
}
